
Microsoft Visual Studio Solution File, Format Version 12.00
# Visual Studio Version 17
VisualStudioVersion = 17.5.002.0
MinimumVisualStudioVersion = 10.0.40219.1
Project("{9A19103F-16F7-4668-BE54-9A1E7A4F7556}") = "TerraformHardening", "TerraformHardening.csproj", "{5DDAC954-BAAC-4958-A7A1-FC2ED6FCC8AD}"
EndProject
Global
	GlobalSection(SolutionConfigurationPlatforms) = preSolution
		Debug|Any CPU = Debug|Any CPU
		Release|Any CPU = Release|Any CPU
	EndGlobalSection
	GlobalSection(ProjectConfigurationPlatforms) = postSolution
		{5DDAC954-BAAC-4958-A7A1-FC2ED6FCC8AD}.Debug|Any CPU.ActiveCfg = Debug|Any CPU
		{5DDAC954-BAAC-4958-A7A1-FC2ED6FCC8AD}.Debug|Any CPU.Build.0 = Debug|Any CPU
		{5DDAC954-BAAC-4958-A7A1-FC2ED6FCC8AD}.Release|Any CPU.ActiveCfg = Release|Any CPU
		{5DDAC954-BAAC-4958-A7A1-FC2ED6FCC8AD}.Release|Any CPU.Build.0 = Release|Any CPU
	EndGlobalSection
	GlobalSection(SolutionProperties) = preSolution
		HideSolutionNode = FALSE
	EndGlobalSection
	GlobalSection(ExtensibilityGlobals) = postSolution
		SolutionGuid = {1EC390CA-584B-43E4-BD43-30C6A17944B2}
	EndGlobalSection
EndGlobal
